
Microsoft Visual Studio Solution File, Format Version 11.00
# Visual Studio 2010
Project("{FAE04EC0-301F-11D3-BF4B-00C04F79EFBC}") = "UnityEngine.TestRunner", "UnityEngine.TestRunner.csproj", "{314a967e-4dc9-97fa-5b94-8184348ddd99}"
EndProject
Project("{FAE04EC0-301F-11D3-BF4B-00C04F79EFBC}") = "Unity.Mathematics", "Unity.Mathematics.csproj", "{7e3d0251-1287-8809-54c0-b62f93e6e941}"
EndProject
Project("{FAE04EC0-301F-11D3-BF4B-00C04F79EFBC}") = "Unity.Burst", "Unity.Burst.csproj", "{2f86a1cb-5345-cc0d-242c-e3f557995345}"
EndProject
Project("{FAE04EC0-301F-11D3-BF4B-00C04F79EFBC}") = "Unity.2D.Animation.Runtime", "Unity.2D.Animation.Runtime.csproj", "{3733c993-6ce5-1854-b5f5-9035a7083712}"
EndProject
Project("{FAE04EC0-301F-11D3-BF4B-00C04F79EFBC}") = "Unity.TextMeshPro", "Unity.TextMeshPro.csproj", "{59302b43-d895-d9aa-e758-0394df3db719}"
EndProject
Project("{FAE04EC0-301F-11D3-BF4B-00C04F79EFBC}") = "Cinemachine", "Cinemachine.csproj", "{5bb7997c-48ad-622a-7ca4-db0ad9dc4ffb}"
EndProject
Project("{FAE04EC0-301F-11D3-BF4B-00C04F79EFBC}") = "Unity.Timeline", "Unity.Timeline.csproj", "{ddf244f6-82aa-a8d6-d80c-9d6cc0c1aecf}"
EndProject
Project("{FAE04EC0-301F-11D3-BF4B-00C04F79EFBC}") = "Assembly-CSharp", "Assembly-CSharp.csproj", "{332d315d-47eb-5b8f-25b8-eb0eb20252b5}"
EndProject
Project("{FAE04EC0-301F-11D3-BF4B-00C04F79EFBC}") = "Unity.2D.SpriteShape.Runtime", "Unity.2D.SpriteShape.Runtime.csproj", "{d75ba3a0-8ce8-c8ce-eb39-2cc95a740b6d}"
EndProject
Project("{FAE04EC0-301F-11D3-BF4B-00C04F79EFBC}") = "Unity.2D.PixelPerfect", "Unity.2D.PixelPerfect.csproj", "{77625923-ea7e-5fe6-74dc-436c120e77d4}"
EndProject
Project("{FAE04EC0-301F-11D3-BF4B-00C04F79EFBC}") = "Unity.2D.Common.Runtime", "Unity.2D.Common.Runtime.csproj", "{ae0a3fe1-7625-2a8f-31df-e37d56eb36b6}"
EndProject
Project("{FAE04EC0-301F-11D3-BF4B-00C04F79EFBC}") = "Unity.2D.IK.Runtime", "Unity.2D.IK.Runtime.csproj", "{ad538b86-0103-8738-2f5c-0cb40754bedd}"
EndProject
Project("{FAE04EC0-301F-11D3-BF4B-00C04F79EFBC}") = "Unity.2D.Tilemap.Extras", "Unity.2D.Tilemap.Extras.csproj", "{bff93b86-c5cb-2096-87f0-e78a64463007}"
EndProject
Project("{FAE04EC0-301F-11D3-BF4B-00C04F79EFBC}") = "Unity.InternalAPIEngineBridge.001", "Unity.InternalAPIEngineBridge.001.csproj", "{68d88477-ab4a-81ec-a758-e5234eac5de3}"
EndProject
Project("{FAE04EC0-301F-11D3-BF4B-00C04F79EFBC}") = "Unity.VisualStudio.Editor", "Unity.VisualStudio.Editor.csproj", "{749bd413-7993-95f0-9de6-54d3f53277cb}"
EndProject
Project("{FAE04EC0-301F-11D3-BF4B-00C04F79EFBC}") = "Unity.Timeline.Editor", "Unity.Timeline.Editor.csproj", "{ac3f62b9-c279-ae2d-baec-38a74af80608}"
EndProject
Project("{FAE04EC0-301F-11D3-BF4B-00C04F79EFBC}") = "com.unity.cinemachine.editor", "com.unity.cinemachine.editor.csproj", "{4fd2bd4f-dcea-b8a5-1433-627a6962de05}"
EndProject
Project("{FAE04EC0-301F-11D3-BF4B-00C04F79EFBC}") = "Unity.TextMeshPro.Editor", "Unity.TextMeshPro.Editor.csproj", "{1b45df2b-86d1-5e96-042b-fa08023de811}"
EndProject
Project("{FAE04EC0-301F-11D3-BF4B-00C04F79EFBC}") = "Unity.2D.Animation.Editor", "Unity.2D.Animation.Editor.csproj", "{96d579e2-88d4-d755-e220-02111f3f4fe9}"
EndProject
Project("{FAE04EC0-301F-11D3-BF4B-00C04F79EFBC}") = "UnityEditor.TestRunner", "UnityEditor.TestRunner.csproj", "{e146f4d5-4580-e302-b614-315377309dfe}"
EndProject
Project("{FAE04EC0-301F-11D3-BF4B-00C04F79EFBC}") = "Unity.2D.Path.Editor", "Unity.2D.Path.Editor.csproj", "{56ee2bcb-0000-5d64-2625-9da848371643}"
EndProject
Project("{FAE04EC0-301F-11D3-BF4B-00C04F79EFBC}") = "PsdPlugin", "PsdPlugin.csproj", "{63f36866-eb32-2cbf-ea85-375dfa90e04e}"
EndProject
Project("{FAE04EC0-301F-11D3-BF4B-00C04F79EFBC}") = "Unity.2D.IK.Editor", "Unity.2D.IK.Editor.csproj", "{2af227dc-0176-5f85-b2ad-566bd6b84c31}"
EndProject
Project("{FAE04EC0-301F-11D3-BF4B-00C04F79EFBC}") = "Unity.Searcher.Editor", "Unity.Searcher.Editor.csproj", "{d48ae197-c2fa-8a20-1913-1e93ef760629}"
EndProject
Project("{FAE04EC0-301F-11D3-BF4B-00C04F79EFBC}") = "Unity.2D.Psdimporter.Editor", "Unity.2D.Psdimporter.Editor.csproj", "{a46995b5-6b64-6fad-d2cb-ccd5a7409297}"
EndProject
Project("{FAE04EC0-301F-11D3-BF4B-00C04F79EFBC}") = "Unity.2D.SpriteShape.Editor", "Unity.2D.SpriteShape.Editor.csproj", "{1c8f2f92-0a78-84a2-4d8d-20e0ef83ebcd}"
EndProject
Project("{FAE04EC0-301F-11D3-BF4B-00C04F79EFBC}") = "Unity.SysrootPackage.Editor", "Unity.SysrootPackage.Editor.csproj", "{a6ef1382-c380-9dfb-9c70-2494bffd1a35}"
EndProject
Project("{FAE04EC0-301F-11D3-BF4B-00C04F79EFBC}") = "Unity.Burst.CodeGen", "Unity.Burst.CodeGen.csproj", "{9af2a522-db67-74c0-e169-eb71f169deb3}"
EndProject
Project("{FAE04EC0-301F-11D3-BF4B-00C04F79EFBC}") = "Unity.2D.PixelPerfect.Editor", "Unity.2D.PixelPerfect.Editor.csproj", "{4534b06c-d941-eaac-c372-7c8044410c60}"
EndProject
Project("{FAE04EC0-301F-11D3-BF4B-00C04F79EFBC}") = "Unity.VSCode.Editor", "Unity.VSCode.Editor.csproj", "{5d677bae-1072-d170-46b2-671c44c4eb14}"
EndProject
Project("{FAE04EC0-301F-11D3-BF4B-00C04F79EFBC}") = "Unity.Toolchain.Win-x86_64-Linux-x86_64", "Unity.Toolchain.Win-x86_64-Linux-x86_64.csproj", "{3dbe4f56-964b-3748-f503-4bc21170ef63}"
EndProject
Project("{FAE04EC0-301F-11D3-BF4B-00C04F79EFBC}") = "Unity.2D.Common.Editor", "Unity.2D.Common.Editor.csproj", "{1af3b722-552d-6398-2965-1420f3063d69}"
EndProject
Project("{FAE04EC0-301F-11D3-BF4B-00C04F79EFBC}") = "Unity.Mathematics.Editor", "Unity.Mathematics.Editor.csproj", "{ccb12ba0-a5fe-0b76-663c-fce7d2b82aee}"
EndProject
Project("{FAE04EC0-301F-11D3-BF4B-00C04F79EFBC}") = "Unity.2D.Tilemap.Extras.Editor", "Unity.2D.Tilemap.Extras.Editor.csproj", "{d8792597-8690-e77a-343a-c4de84dbdffe}"
EndProject
Project("{FAE04EC0-301F-11D3-BF4B-00C04F79EFBC}") = "Unity.Burst.Editor", "Unity.Burst.Editor.csproj", "{d94ddda2-cbd1-dd96-d212-0d844c1bcea5}"
EndProject
Project("{FAE04EC0-301F-11D3-BF4B-00C04F79EFBC}") = "Unity.InternalAPIEditorBridge.001", "Unity.InternalAPIEditorBridge.001.csproj", "{0bf58113-e1ed-b289-5b3f-a2fc27385da7}"
EndProject
Project("{FAE04EC0-301F-11D3-BF4B-00C04F79EFBC}") = "Unity.Sysroot.Linux_x86_64", "Unity.Sysroot.Linux_x86_64.csproj", "{f64c3cd2-74a0-50af-00a9-cd264da2556d}"
EndProject
Global
	GlobalSection(SolutionConfigurationPlatforms) = preSolution
		Debug|Any CPU = Debug|Any CPU
	EndGlobalSection
	GlobalSection(ProjectConfigurationPlatforms) = postSolution
		{314a967e-4dc9-97fa-5b94-8184348ddd99}.Debug|Any CPU.ActiveCfg = Debug|Any CPU
		{314a967e-4dc9-97fa-5b94-8184348ddd99}.Debug|Any CPU.Build.0 = Debug|Any CPU
		{7e3d0251-1287-8809-54c0-b62f93e6e941}.Debug|Any CPU.ActiveCfg = Debug|Any CPU
		{7e3d0251-1287-8809-54c0-b62f93e6e941}.Debug|Any CPU.Build.0 = Debug|Any CPU
		{2f86a1cb-5345-cc0d-242c-e3f557995345}.Debug|Any CPU.ActiveCfg = Debug|Any CPU
		{2f86a1cb-5345-cc0d-242c-e3f557995345}.Debug|Any CPU.Build.0 = Debug|Any CPU
		{3733c993-6ce5-1854-b5f5-9035a7083712}.Debug|Any CPU.ActiveCfg = Debug|Any CPU
		{3733c993-6ce5-1854-b5f5-9035a7083712}.Debug|Any CPU.Build.0 = Debug|Any CPU
		{59302b43-d895-d9aa-e758-0394df3db719}.Debug|Any CPU.ActiveCfg = Debug|Any CPU
		{59302b43-d895-d9aa-e758-0394df3db719}.Debug|Any CPU.Build.0 = Debug|Any CPU
		{5bb7997c-48ad-622a-7ca4-db0ad9dc4ffb}.Debug|Any CPU.ActiveCfg = Debug|Any CPU
		{5bb7997c-48ad-622a-7ca4-db0ad9dc4ffb}.Debug|Any CPU.Build.0 = Debug|Any CPU
		{ddf244f6-82aa-a8d6-d80c-9d6cc0c1aecf}.Debug|Any CPU.ActiveCfg = Debug|Any CPU
		{ddf244f6-82aa-a8d6-d80c-9d6cc0c1aecf}.Debug|Any CPU.Build.0 = Debug|Any CPU
		{332d315d-47eb-5b8f-25b8-eb0eb20252b5}.Debug|Any CPU.ActiveCfg = Debug|Any CPU
		{332d315d-47eb-5b8f-25b8-eb0eb20252b5}.Debug|Any CPU.Build.0 = Debug|Any CPU
		{d75ba3a0-8ce8-c8ce-eb39-2cc95a740b6d}.Debug|Any CPU.ActiveCfg = Debug|Any CPU
		{d75ba3a0-8ce8-c8ce-eb39-2cc95a740b6d}.Debug|Any CPU.Build.0 = Debug|Any CPU
		{77625923-ea7e-5fe6-74dc-436c120e77d4}.Debug|Any CPU.ActiveCfg = Debug|Any CPU
		{77625923-ea7e-5fe6-74dc-436c120e77d4}.Debug|Any CPU.Build.0 = Debug|Any CPU
		{ae0a3fe1-7625-2a8f-31df-e37d56eb36b6}.Debug|Any CPU.ActiveCfg = Debug|Any CPU
		{ae0a3fe1-7625-2a8f-31df-e37d56eb36b6}.Debug|Any CPU.Build.0 = Debug|Any CPU
		{ad538b86-0103-8738-2f5c-0cb40754bedd}.Debug|Any CPU.ActiveCfg = Debug|Any CPU
		{ad538b86-0103-8738-2f5c-0cb40754bedd}.Debug|Any CPU.Build.0 = Debug|Any CPU
		{bff93b86-c5cb-2096-87f0-e78a64463007}.Debug|Any CPU.ActiveCfg = Debug|Any CPU
		{bff93b86-c5cb-2096-87f0-e78a64463007}.Debug|Any CPU.Build.0 = Debug|Any CPU
		{68d88477-ab4a-81ec-a758-e5234eac5de3}.Debug|Any CPU.ActiveCfg = Debug|Any CPU
		{68d88477-ab4a-81ec-a758-e5234eac5de3}.Debug|Any CPU.Build.0 = Debug|Any CPU
		{749bd413-7993-95f0-9de6-54d3f53277cb}.Debug|Any CPU.ActiveCfg = Debug|Any CPU
		{749bd413-7993-95f0-9de6-54d3f53277cb}.Debug|Any CPU.Build.0 = Debug|Any CPU
		{ac3f62b9-c279-ae2d-baec-38a74af80608}.Debug|Any CPU.ActiveCfg = Debug|Any CPU
		{ac3f62b9-c279-ae2d-baec-38a74af80608}.Debug|Any CPU.Build.0 = Debug|Any CPU
		{4fd2bd4f-dcea-b8a5-1433-627a6962de05}.Debug|Any CPU.ActiveCfg = Debug|Any CPU
		{4fd2bd4f-dcea-b8a5-1433-627a6962de05}.Debug|Any CPU.Build.0 = Debug|Any CPU
		{1b45df2b-86d1-5e96-042b-fa08023de811}.Debug|Any CPU.ActiveCfg = Debug|Any CPU
		{1b45df2b-86d1-5e96-042b-fa08023de811}.Debug|Any CPU.Build.0 = Debug|Any CPU
		{96d579e2-88d4-d755-e220-02111f3f4fe9}.Debug|Any CPU.ActiveCfg = Debug|Any CPU
		{96d579e2-88d4-d755-e220-02111f3f4fe9}.Debug|Any CPU.Build.0 = Debug|Any CPU
		{e146f4d5-4580-e302-b614-315377309dfe}.Debug|Any CPU.ActiveCfg = Debug|Any CPU
		{e146f4d5-4580-e302-b614-315377309dfe}.Debug|Any CPU.Build.0 = Debug|Any CPU
		{56ee2bcb-0000-5d64-2625-9da848371643}.Debug|Any CPU.ActiveCfg = Debug|Any CPU
		{56ee2bcb-0000-5d64-2625-9da848371643}.Debug|Any CPU.Build.0 = Debug|Any CPU
		{63f36866-eb32-2cbf-ea85-375dfa90e04e}.Debug|Any CPU.ActiveCfg = Debug|Any CPU
		{63f36866-eb32-2cbf-ea85-375dfa90e04e}.Debug|Any CPU.Build.0 = Debug|Any CPU
		{2af227dc-0176-5f85-b2ad-566bd6b84c31}.Debug|Any CPU.ActiveCfg = Debug|Any CPU
		{2af227dc-0176-5f85-b2ad-566bd6b84c31}.Debug|Any CPU.Build.0 = Debug|Any CPU
		{d48ae197-c2fa-8a20-1913-1e93ef760629}.Debug|Any CPU.ActiveCfg = Debug|Any CPU
		{d48ae197-c2fa-8a20-1913-1e93ef760629}.Debug|Any CPU.Build.0 = Debug|Any CPU
		{a46995b5-6b64-6fad-d2cb-ccd5a7409297}.Debug|Any CPU.ActiveCfg = Debug|Any CPU
		{a46995b5-6b64-6fad-d2cb-ccd5a7409297}.Debug|Any CPU.Build.0 = Debug|Any CPU
		{1c8f2f92-0a78-84a2-4d8d-20e0ef83ebcd}.Debug|Any CPU.ActiveCfg = Debug|Any CPU
		{1c8f2f92-0a78-84a2-4d8d-20e0ef83ebcd}.Debug|Any CPU.Build.0 = Debug|Any CPU
		{a6ef1382-c380-9dfb-9c70-2494bffd1a35}.Debug|Any CPU.ActiveCfg = Debug|Any CPU
		{a6ef1382-c380-9dfb-9c70-2494bffd1a35}.Debug|Any CPU.Build.0 = Debug|Any CPU
		{9af2a522-db67-74c0-e169-eb71f169deb3}.Debug|Any CPU.ActiveCfg = Debug|Any CPU
		{9af2a522-db67-74c0-e169-eb71f169deb3}.Debug|Any CPU.Build.0 = Debug|Any CPU
		{4534b06c-d941-eaac-c372-7c8044410c60}.Debug|Any CPU.ActiveCfg = Debug|Any CPU
		{4534b06c-d941-eaac-c372-7c8044410c60}.Debug|Any CPU.Build.0 = Debug|Any CPU
		{5d677bae-1072-d170-46b2-671c44c4eb14}.Debug|Any CPU.ActiveCfg = Debug|Any CPU
		{5d677bae-1072-d170-46b2-671c44c4eb14}.Debug|Any CPU.Build.0 = Debug|Any CPU
		{3dbe4f56-964b-3748-f503-4bc21170ef63}.Debug|Any CPU.ActiveCfg = Debug|Any CPU
		{3dbe4f56-964b-3748-f503-4bc21170ef63}.Debug|Any CPU.Build.0 = Debug|Any CPU
		{1af3b722-552d-6398-2965-1420f3063d69}.Debug|Any CPU.ActiveCfg = Debug|Any CPU
		{1af3b722-552d-6398-2965-1420f3063d69}.Debug|Any CPU.Build.0 = Debug|Any CPU
		{ccb12ba0-a5fe-0b76-663c-fce7d2b82aee}.Debug|Any CPU.ActiveCfg = Debug|Any CPU
		{ccb12ba0-a5fe-0b76-663c-fce7d2b82aee}.Debug|Any CPU.Build.0 = Debug|Any CPU
		{d8792597-8690-e77a-343a-c4de84dbdffe}.Debug|Any CPU.ActiveCfg = Debug|Any CPU
		{d8792597-8690-e77a-343a-c4de84dbdffe}.Debug|Any CPU.Build.0 = Debug|Any CPU
		{d94ddda2-cbd1-dd96-d212-0d844c1bcea5}.Debug|Any CPU.ActiveCfg = Debug|Any CPU
		{d94ddda2-cbd1-dd96-d212-0d844c1bcea5}.Debug|Any CPU.Build.0 = Debug|Any CPU
		{0bf58113-e1ed-b289-5b3f-a2fc27385da7}.Debug|Any CPU.ActiveCfg = Debug|Any CPU
		{0bf58113-e1ed-b289-5b3f-a2fc27385da7}.Debug|Any CPU.Build.0 = Debug|Any CPU
		{f64c3cd2-74a0-50af-00a9-cd264da2556d}.Debug|Any CPU.ActiveCfg = Debug|Any CPU
		{f64c3cd2-74a0-50af-00a9-cd264da2556d}.Debug|Any CPU.Build.0 = Debug|Any CPU
	EndGlobalSection
	GlobalSection(SolutionProperties) = preSolution
		HideSolutionNode = FALSE
	EndGlobalSection
EndGlobal
